
Microsoft Visual Studio Solution File, Format Version 12.00
# Visual Studio 2013
VisualStudioVersion = 12.0.30501.0
MinimumVisualStudioVersion = 10.0.40219.1
Project("{FAE04EC0-301F-11D3-BF4B-00C04F79EFBC}") = "YapaySinirAgi_HebbNet", "YapaySinirAgi_HebbNet\YapaySinirAgi_HebbNet.csproj", "{B32532E2-5756-4EEF-AC94-D5F289C415A1}"
EndProject
Project("{FAE04EC0-301F-11D3-BF4B-00C04F79EFBC}") = "YapaySinirAgi_Perceptron", "YapaySinirAgi_Perceptron\YapaySinirAgi_Perceptron.csproj", "{3B666893-C204-4242-8B13-1A7E8880D3DB}"
EndProject
Project("{FAE04EC0-301F-11D3-BF4B-00C04F79EFBC}") = "BackpropagationNetwork", "BackpropagationNetwork\BackpropagationNetwork.csproj", "{1B966440-0EB9-41EF-BE28-E9526BA9BB6A}"
EndProject
Project("{FAE04EC0-301F-11D3-BF4B-00C04F79EFBC}") = "BackpropLibrary", "BackpropLibrary\BackpropLibrary.csproj", "{3674C03D-9859-4E43-BC35-55A7A8549189}"
EndProject
Global
	GlobalSection(SolutionConfigurationPlatforms) = preSolution
		Debug|Any CPU = Debug|Any CPU
		Release|Any CPU = Release|Any CPU
	EndGlobalSection
	GlobalSection(ProjectConfigurationPlatforms) = postSolution
		{B32532E2-5756-4EEF-AC94-D5F289C415A1}.Debug|Any CPU.ActiveCfg = Debug|Any CPU
		{B32532E2-5756-4EEF-AC94-D5F289C415A1}.Debug|Any CPU.Build.0 = Debug|Any CPU
		{B32532E2-5756-4EEF-AC94-D5F289C415A1}.Release|Any CPU.ActiveCfg = Release|Any CPU
		{B32532E2-5756-4EEF-AC94-D5F289C415A1}.Release|Any CPU.Build.0 = Release|Any CPU
		{3B666893-C204-4242-8B13-1A7E8880D3DB}.Debug|Any CPU.ActiveCfg = Debug|Any CPU
		{3B666893-C204-4242-8B13-1A7E8880D3DB}.Debug|Any CPU.Build.0 = Debug|Any CPU
		{3B666893-C204-4242-8B13-1A7E8880D3DB}.Release|Any CPU.ActiveCfg = Release|Any CPU
		{3B666893-C204-4242-8B13-1A7E8880D3DB}.Release|Any CPU.Build.0 = Release|Any CPU
		{1B966440-0EB9-41EF-BE28-E9526BA9BB6A}.Debug|Any CPU.ActiveCfg = Debug|Any CPU
		{1B966440-0EB9-41EF-BE28-E9526BA9BB6A}.Debug|Any CPU.Build.0 = Debug|Any CPU
		{1B966440-0EB9-41EF-BE28-E9526BA9BB6A}.Release|Any CPU.ActiveCfg = Release|Any CPU
		{1B966440-0EB9-41EF-BE28-E9526BA9BB6A}.Release|Any CPU.Build.0 = Release|Any CPU
		{3674C03D-9859-4E43-BC35-55A7A8549189}.Debug|Any CPU.ActiveCfg = Debug|Any CPU
		{3674C03D-9859-4E43-BC35-55A7A8549189}.Debug|Any CPU.Build.0 = Debug|Any CPU
		{3674C03D-9859-4E43-BC35-55A7A8549189}.Release|Any CPU.ActiveCfg = Release|Any CPU
		{3674C03D-9859-4E43-BC35-55A7A8549189}.Release|Any CPU.Build.0 = Release|Any CPU
	EndGlobalSection
	GlobalSection(SolutionProperties) = preSolution
		HideSolutionNode = FALSE
	EndGlobalSection
EndGlobal
